
Microsoft Visual Studio Solution File, Format Version 12.00
# Visual Studio 14
VisualStudioVersion = 14.0.23107.0
MinimumVisualStudioVersion = 10.0.40219.1
Project("{2150E333-8FDC-42A3-9474-1A3956D46DE8}") = "wp8", "wp8", "{318DC063-BBE8-40A2-9DCA-F8F4A18C38E8}"
EndProject
Project("{2150E333-8FDC-42A3-9474-1A3956D46DE8}") = "win81", "win81", "{BC78988E-5DFD-47D2-AF99-E732C557E11E}"
EndProject
Project("{FAE04EC0-301F-11D3-BF4B-00C04F79EFBC}") = "TestSilverlightSerializer", "win81\TestSilverlightSerializer\TestSilverlightSerializer.csproj", "{F692CCDB-8A51-4A29-A4F6-DB87E426C70D}"
EndProject
Project("{FAE04EC0-301F-11D3-BF4B-00C04F79EFBC}") = "WpWinNl.External", "wp8\WpWinNl.External\WpWinNl.External.csproj", "{0408668E-D49D-4F81-8615-AECF8567F127}"
EndProject
Project("{2150E333-8FDC-42A3-9474-1A3956D46DE8}") = ".nuget", ".nuget", "{7ED582F7-5B1F-499D-9152-54A7B7E0DDEF}"
	ProjectSection(SolutionItems) = preProject
		.nuget\NuGet.Config = .nuget\NuGet.Config
		.nuget\NuGet.exe = .nuget\NuGet.exe
		.nuget\NuGet.targets = .nuget\NuGet.targets
	EndProjectSection
EndProject
Project("{FAE04EC0-301F-11D3-BF4B-00C04F79EFBC}") = "WpWinNl", "wp8\WpWinNl\WpWinNl.csproj", "{69C5F17E-99EF-421D-870F-1B7146F6894E}"
EndProject
Project("{FAE04EC0-301F-11D3-BF4B-00C04F79EFBC}") = "WpWinNl.Devices", "wp8\WpWinNl.Devices\WpWinNl.Devices.csproj", "{D7E80B6C-88DA-4683-A5AA-730E4366E7B3}"
EndProject
Project("{FAE04EC0-301F-11D3-BF4B-00C04F79EFBC}") = "WpWinNl.MvvmLight", "wp8\WpWinNl.MvvmLight\WpWinNl.MvvmLight.csproj", "{777F7C74-C57C-41D2-85F3-7375732CA80E}"
EndProject
Project("{2150E333-8FDC-42A3-9474-1A3956D46DE8}") = "SolutionInfo", "SolutionInfo", "{27264845-2159-4E01-939D-3ECFD66782CF}"
	ProjectSection(SolutionItems) = preProject
		SolutionInfo\Revison history.txt = SolutionInfo\Revison history.txt
		SolutionInfo\SolutionInfo.cs = SolutionInfo\SolutionInfo.cs
		SolutionInfo\WpWinNl.nuspec = SolutionInfo\WpWinNl.nuspec
		SolutionInfo\WpWinNlBasic.nuspec = SolutionInfo\WpWinNlBasic.nuspec
		SolutionInfo\WpWinNlMaps.nuspec = SolutionInfo\WpWinNlMaps.nuspec
	EndProjectSection
EndProject
Project("{2150E333-8FDC-42A3-9474-1A3956D46DE8}") = "tools", "tools", "{E0C3FE5F-9BE8-482B-9E4A-93D2388DA695}"
	ProjectSection(SolutionItems) = preProject
		tools\install.ps1 = tools\install.ps1
		tools\packagebuilder.cmd = tools\packagebuilder.cmd
		tools\uninstall.ps1 = tools\uninstall.ps1
	EndProjectSection
EndProject
Project("{FAE04EC0-301F-11D3-BF4B-00C04F79EFBC}") = "GuiCodeTestApp", "win81\GuiCodeTestApp\GuiCodeTestApp.csproj", "{77BB2DA0-C9AA-4118-AC7D-7E4770BC0DB7}"
EndProject
Project("{2150E333-8FDC-42A3-9474-1A3956D46DE8}") = "portable-win81+wpa81", "portable-win81+wpa81", "{9FB13E5C-16FD-45A8-A81C-48769802A11D}"
EndProject
Project("{FAE04EC0-301F-11D3-BF4B-00C04F79EFBC}") = "WpWinNl", "portable-win81+wpa81\WpWinNl\WpWinNl.csproj", "{E0A7E3AD-68E8-44BD-9B84-F3D47704184A}"
EndProject
Project("{FAE04EC0-301F-11D3-BF4B-00C04F79EFBC}") = "WpWinNl.External", "portable-win81+wpa81\WpWinNl.External\WpWinNl.External.csproj", "{F350A6F5-E09B-4B5F-9F10-45D014F45F63}"
EndProject
Project("{FAE04EC0-301F-11D3-BF4B-00C04F79EFBC}") = "WpWinNl.MvvmLight", "portable-win81+wpa81\WpWinNl.MvvmLight\WpWinNl.MvvmLight.csproj", "{8EBBB78B-AAF9-48F5-9462-9B5BF2B4B877}"
	ProjectSection(ProjectDependencies) = postProject
		{D4EB096C-348F-4E3F-8B60-EC6BE7C22B96} = {D4EB096C-348F-4E3F-8B60-EC6BE7C22B96}
		{D7E80B6C-88DA-4683-A5AA-730E4366E7B3} = {D7E80B6C-88DA-4683-A5AA-730E4366E7B3}
		{777F7C74-C57C-41D2-85F3-7375732CA80E} = {777F7C74-C57C-41D2-85F3-7375732CA80E}
		{69C5F17E-99EF-421D-870F-1B7146F6894E} = {69C5F17E-99EF-421D-870F-1B7146F6894E}
		{0408668E-D49D-4F81-8615-AECF8567F127} = {0408668E-D49D-4F81-8615-AECF8567F127}
	EndProjectSection
EndProject
Project("{2150E333-8FDC-42A3-9474-1A3956D46DE8}") = "wpa81", "wpa81", "{1F862409-01A9-4DF1-AB3E-FD10737C9561}"
EndProject
Project("{FAE04EC0-301F-11D3-BF4B-00C04F79EFBC}") = "WpWinNl.Maps", "wpa81\WpWinNl.Maps\WpWinNl.Maps.csproj", "{D4EB096C-348F-4E3F-8B60-EC6BE7C22B96}"
EndProject
Project("{2150E333-8FDC-42A3-9474-1A3956D46DE8}") = "TtsBTUniversalDemo", "TtsBTUniversalDemo", "{1906753E-BF5C-4B9F-91F1-050E93726699}"
EndProject
Project("{D954291E-2A0B-460D-934E-DC6B0785DB48}") = "TtsBTUniversalDemo.Shared", "TtsBTUniversalDemo\TtsBTUniversalDemo.Shared\TtsBTUniversalDemo.Shared.shproj", "{946A1987-E443-47F0-8721-770BD808351B}"
EndProject
Project("{FAE04EC0-301F-11D3-BF4B-00C04F79EFBC}") = "TtsBTUniversalDemo.Windows", "TtsBTUniversalDemo\TtsBTUniversalDemo.Windows\TtsBTUniversalDemo.Windows.csproj", "{58A287CD-F5DD-462B-991B-933F4388C15C}"
EndProject
Project("{FAE04EC0-301F-11D3-BF4B-00C04F79EFBC}") = "TtsBTUniversalDemo.WindowsPhone", "TtsBTUniversalDemo\TtsBTUniversalDemo.WindowsPhone\TtsBTUniversalDemo.WindowsPhone.csproj", "{3A719EDB-F4C0-4AAD-97A8-4D52D0DE7DE1}"
EndProject
Project("{FAE04EC0-301F-11D3-BF4B-00C04F79EFBC}") = "WpWinNl.WindowsPhone", "wpa81\WpWinNl.WindowsPhone\WpWinNl.WindowsPhone.csproj", "{A51374BB-F4E1-4CE4-8489-1E9661C4532A}"
	ProjectSection(ProjectDependencies) = postProject
		{80793046-A02A-4016-A923-524563AAD39D} = {80793046-A02A-4016-A923-524563AAD39D}
		{D4EB096C-348F-4E3F-8B60-EC6BE7C22B96} = {D4EB096C-348F-4E3F-8B60-EC6BE7C22B96}
		{D7E80B6C-88DA-4683-A5AA-730E4366E7B3} = {D7E80B6C-88DA-4683-A5AA-730E4366E7B3}
		{69C5F17E-99EF-421D-870F-1B7146F6894E} = {69C5F17E-99EF-421D-870F-1B7146F6894E}
		{0408668E-D49D-4F81-8615-AECF8567F127} = {0408668E-D49D-4F81-8615-AECF8567F127}
		{D3BC1DC6-76E1-485B-A2EE-1BF1E30E1BE6} = {D3BC1DC6-76E1-485B-A2EE-1BF1E30E1BE6}
		{F350A6F5-E09B-4B5F-9F10-45D014F45F63} = {F350A6F5-E09B-4B5F-9F10-45D014F45F63}
	EndProjectSection
EndProject
Project("{FAE04EC0-301F-11D3-BF4B-00C04F79EFBC}") = "WpWinNl.Maps", "win81\WpWinNl.Maps\WpWinNl.Maps.csproj", "{D3BC1DC6-76E1-485B-A2EE-1BF1E30E1BE6}"
EndProject
Project("{FAE04EC0-301F-11D3-BF4B-00C04F79EFBC}") = "WpWinNl.MapBindingDemo", "wpa81\WpWinNl.MapBindingDemo\WpWinNl.MapBindingDemo.csproj", "{80793046-A02A-4016-A923-524563AAD39D}"
EndProject
Project("{FAE04EC0-301F-11D3-BF4B-00C04F79EFBC}") = "WpWinNl", "uap10.0\WpWinNl\WpWinNl.csproj", "{43F2875D-5B09-4590-8339-312FC4099217}"
EndProject
Project("{2150E333-8FDC-42A3-9474-1A3956D46DE8}") = "uap10.0", "uap10.0", "{140CAE7B-A08E-4809-A9D8-A2F63721E6D8}"
EndProject
Project("{FAE04EC0-301F-11D3-BF4B-00C04F79EFBC}") = "WpWinNl.MvvmLight", "uap10.0\WpWinNl.MvvmLight\WpWinNl.MvvmLight.csproj", "{F6C14AD8-0B71-4728-B7C8-EEF11874D5DC}"
EndProject
Project("{FAE04EC0-301F-11D3-BF4B-00C04F79EFBC}") = "WpWinNl.External", "uap10.0\WpWinNl.External\WpWinNl.External.csproj", "{55735AAE-9CF6-41BB-9DC5-677B49FDC54D}"
EndProject
Project("{FAE04EC0-301F-11D3-BF4B-00C04F79EFBC}") = "WpWinNl.Maps", "uap10.0\WpWinNl.Maps\WpWinNl.Maps.csproj", "{5633AC1E-6F3E-45D2-936B-F2FFE33E792C}"
EndProject
Project("{FAE04EC0-301F-11D3-BF4B-00C04F79EFBC}") = "WpWinNl.MapBindingDemo", "uap10.0\WpWinNl.MapBindingDemo\WpWinNl.MapBindingDemo.csproj", "{ADB894A1-B74C-48A3-8F3A-859B0980ED22}"
EndProject
Global
	GlobalSection(SharedMSBuildProjectFiles) = preSolution
		TtsBTUniversalDemo\TtsBTUniversalDemo.Shared\TtsBTUniversalDemo.Shared.projitems*{3a719edb-f4c0-4aad-97a8-4d52d0de7de1}*SharedItemsImports = 4
		TtsBTUniversalDemo\TtsBTUniversalDemo.Shared\TtsBTUniversalDemo.Shared.projitems*{946a1987-e443-47f0-8721-770bd808351b}*SharedItemsImports = 13
		TtsBTUniversalDemo\TtsBTUniversalDemo.Shared\TtsBTUniversalDemo.Shared.projitems*{58a287cd-f5dd-462b-991b-933f4388c15c}*SharedItemsImports = 4
	EndGlobalSection
	GlobalSection(SolutionConfigurationPlatforms) = preSolution
		Debug|Any CPU = Debug|Any CPU
		Debug|ARM = Debug|ARM
		Debug|x64 = Debug|x64
		Debug|x86 = Debug|x86
		Release|Any CPU = Release|Any CPU
		Release|ARM = Release|ARM
		Release|x64 = Release|x64
		Release|x86 = Release|x86
	EndGlobalSection
	GlobalSection(ProjectConfigurationPlatforms) = postSolution
		{F692CCDB-8A51-4A29-A4F6-DB87E426C70D}.Debug|Any CPU.ActiveCfg = Release|Any CPU
		{F692CCDB-8A51-4A29-A4F6-DB87E426C70D}.Debug|ARM.ActiveCfg = Debug|ARM
		{F692CCDB-8A51-4A29-A4F6-DB87E426C70D}.Debug|ARM.Build.0 = Debug|ARM
		{F692CCDB-8A51-4A29-A4F6-DB87E426C70D}.Debug|ARM.Deploy.0 = Debug|ARM
		{F692CCDB-8A51-4A29-A4F6-DB87E426C70D}.Debug|x64.ActiveCfg = Debug|x64
		{F692CCDB-8A51-4A29-A4F6-DB87E426C70D}.Debug|x64.Build.0 = Debug|x64
		{F692CCDB-8A51-4A29-A4F6-DB87E426C70D}.Debug|x64.Deploy.0 = Debug|x64
		{F692CCDB-8A51-4A29-A4F6-DB87E426C70D}.Debug|x86.ActiveCfg = Debug|x86
		{F692CCDB-8A51-4A29-A4F6-DB87E426C70D}.Release|Any CPU.ActiveCfg = Release|Any CPU
		{F692CCDB-8A51-4A29-A4F6-DB87E426C70D}.Release|ARM.ActiveCfg = Release|ARM
		{F692CCDB-8A51-4A29-A4F6-DB87E426C70D}.Release|ARM.Build.0 = Release|ARM
		{F692CCDB-8A51-4A29-A4F6-DB87E426C70D}.Release|ARM.Deploy.0 = Release|ARM
		{F692CCDB-8A51-4A29-A4F6-DB87E426C70D}.Release|x64.ActiveCfg = Release|x64
		{F692CCDB-8A51-4A29-A4F6-DB87E426C70D}.Release|x64.Build.0 = Release|x64
		{F692CCDB-8A51-4A29-A4F6-DB87E426C70D}.Release|x64.Deploy.0 = Release|x64
		{F692CCDB-8A51-4A29-A4F6-DB87E426C70D}.Release|x86.ActiveCfg = Release|x86
		{F692CCDB-8A51-4A29-A4F6-DB87E426C70D}.Release|x86.Build.0 = Release|x86
		{F692CCDB-8A51-4A29-A4F6-DB87E426C70D}.Release|x86.Deploy.0 = Release|x86
		{0408668E-D49D-4F81-8615-AECF8567F127}.Debug|Any CPU.ActiveCfg = Release|Any CPU
		{0408668E-D49D-4F81-8615-AECF8567F127}.Debug|Any CPU.Build.0 = Release|Any CPU
		{0408668E-D49D-4F81-8615-AECF8567F127}.Debug|ARM.ActiveCfg = Debug|ARM
		{0408668E-D49D-4F81-8615-AECF8567F127}.Debug|ARM.Build.0 = Debug|ARM
		{0408668E-D49D-4F81-8615-AECF8567F127}.Debug|x64.ActiveCfg = Debug|Any CPU
		{0408668E-D49D-4F81-8615-AECF8567F127}.Debug|x86.ActiveCfg = Debug|x86
		{0408668E-D49D-4F81-8615-AECF8567F127}.Release|Any CPU.ActiveCfg = Release|Any CPU
		{0408668E-D49D-4F81-8615-AECF8567F127}.Release|Any CPU.Build.0 = Release|Any CPU
		{0408668E-D49D-4F81-8615-AECF8567F127}.Release|ARM.ActiveCfg = Release|ARM
		{0408668E-D49D-4F81-8615-AECF8567F127}.Release|ARM.Build.0 = Release|ARM
		{0408668E-D49D-4F81-8615-AECF8567F127}.Release|x64.ActiveCfg = Release|Any CPU
		{0408668E-D49D-4F81-8615-AECF8567F127}.Release|x86.ActiveCfg = Release|x86
		{0408668E-D49D-4F81-8615-AECF8567F127}.Release|x86.Build.0 = Release|x86
		{69C5F17E-99EF-421D-870F-1B7146F6894E}.Debug|Any CPU.ActiveCfg = Release|Any CPU
		{69C5F17E-99EF-421D-870F-1B7146F6894E}.Debug|Any CPU.Build.0 = Release|Any CPU
		{69C5F17E-99EF-421D-870F-1B7146F6894E}.Debug|ARM.ActiveCfg = Debug|ARM
		{69C5F17E-99EF-421D-870F-1B7146F6894E}.Debug|ARM.Build.0 = Debug|ARM
		{69C5F17E-99EF-421D-870F-1B7146F6894E}.Debug|x64.ActiveCfg = Debug|Any CPU
		{69C5F17E-99EF-421D-870F-1B7146F6894E}.Debug|x86.ActiveCfg = Debug|x86
		{69C5F17E-99EF-421D-870F-1B7146F6894E}.Release|Any CPU.ActiveCfg = Release|Any CPU
		{69C5F17E-99EF-421D-870F-1B7146F6894E}.Release|Any CPU.Build.0 = Release|Any CPU
		{69C5F17E-99EF-421D-870F-1B7146F6894E}.Release|ARM.ActiveCfg = Release|ARM
		{69C5F17E-99EF-421D-870F-1B7146F6894E}.Release|ARM.Build.0 = Release|ARM
		{69C5F17E-99EF-421D-870F-1B7146F6894E}.Release|x64.ActiveCfg = Release|Any CPU
		{69C5F17E-99EF-421D-870F-1B7146F6894E}.Release|x86.ActiveCfg = Release|x86
		{69C5F17E-99EF-421D-870F-1B7146F6894E}.Release|x86.Build.0 = Release|x86
		{D7E80B6C-88DA-4683-A5AA-730E4366E7B3}.Debug|Any CPU.ActiveCfg = Release|Any CPU
		{D7E80B6C-88DA-4683-A5AA-730E4366E7B3}.Debug|Any CPU.Build.0 = Release|Any CPU
		{D7E80B6C-88DA-4683-A5AA-730E4366E7B3}.Debug|ARM.ActiveCfg = Debug|ARM
		{D7E80B6C-88DA-4683-A5AA-730E4366E7B3}.Debug|ARM.Build.0 = Debug|ARM
		{D7E80B6C-88DA-4683-A5AA-730E4366E7B3}.Debug|x64.ActiveCfg = Debug|Any CPU
		{D7E80B6C-88DA-4683-A5AA-730E4366E7B3}.Debug|x86.ActiveCfg = Debug|x86
		{D7E80B6C-88DA-4683-A5AA-730E4366E7B3}.Release|Any CPU.ActiveCfg = Release|Any CPU
		{D7E80B6C-88DA-4683-A5AA-730E4366E7B3}.Release|Any CPU.Build.0 = Release|Any CPU
		{D7E80B6C-88DA-4683-A5AA-730E4366E7B3}.Release|ARM.ActiveCfg = Release|ARM
		{D7E80B6C-88DA-4683-A5AA-730E4366E7B3}.Release|ARM.Build.0 = Release|ARM
		{D7E80B6C-88DA-4683-A5AA-730E4366E7B3}.Release|x64.ActiveCfg = Release|Any CPU
		{D7E80B6C-88DA-4683-A5AA-730E4366E7B3}.Release|x86.ActiveCfg = Release|x86
		{D7E80B6C-88DA-4683-A5AA-730E4366E7B3}.Release|x86.Build.0 = Release|x86
		{777F7C74-C57C-41D2-85F3-7375732CA80E}.Debug|Any CPU.ActiveCfg = Release|Any CPU
		{777F7C74-C57C-41D2-85F3-7375732CA80E}.Debug|Any CPU.Build.0 = Release|Any CPU
		{777F7C74-C57C-41D2-85F3-7375732CA80E}.Debug|ARM.ActiveCfg = Debug|ARM
		{777F7C74-C57C-41D2-85F3-7375732CA80E}.Debug|ARM.Build.0 = Debug|ARM
		{777F7C74-C57C-41D2-85F3-7375732CA80E}.Debug|x64.ActiveCfg = Debug|Any CPU
		{777F7C74-C57C-41D2-85F3-7375732CA80E}.Debug|x86.ActiveCfg = Debug|x86
		{777F7C74-C57C-41D2-85F3-7375732CA80E}.Release|Any CPU.ActiveCfg = Release|Any CPU
		{777F7C74-C57C-41D2-85F3-7375732CA80E}.Release|Any CPU.Build.0 = Release|Any CPU
		{777F7C74-C57C-41D2-85F3-7375732CA80E}.Release|ARM.ActiveCfg = Release|ARM
		{777F7C74-C57C-41D2-85F3-7375732CA80E}.Release|ARM.Build.0 = Release|ARM
		{777F7C74-C57C-41D2-85F3-7375732CA80E}.Release|x64.ActiveCfg = Release|Any CPU
		{777F7C74-C57C-41D2-85F3-7375732CA80E}.Release|x86.ActiveCfg = Release|x86
		{777F7C74-C57C-41D2-85F3-7375732CA80E}.Release|x86.Build.0 = Release|x86
		{77BB2DA0-C9AA-4118-AC7D-7E4770BC0DB7}.Debug|Any CPU.ActiveCfg = Release|Any CPU
		{77BB2DA0-C9AA-4118-AC7D-7E4770BC0DB7}.Debug|ARM.ActiveCfg = Debug|ARM
		{77BB2DA0-C9AA-4118-AC7D-7E4770BC0DB7}.Debug|ARM.Build.0 = Debug|ARM
		{77BB2DA0-C9AA-4118-AC7D-7E4770BC0DB7}.Debug|ARM.Deploy.0 = Debug|ARM
		{77BB2DA0-C9AA-4118-AC7D-7E4770BC0DB7}.Debug|x64.ActiveCfg = Debug|x64
		{77BB2DA0-C9AA-4118-AC7D-7E4770BC0DB7}.Debug|x64.Build.0 = Debug|x64
		{77BB2DA0-C9AA-4118-AC7D-7E4770BC0DB7}.Debug|x64.Deploy.0 = Debug|x64
		{77BB2DA0-C9AA-4118-AC7D-7E4770BC0DB7}.Debug|x86.ActiveCfg = Debug|x86
		{77BB2DA0-C9AA-4118-AC7D-7E4770BC0DB7}.Release|Any CPU.ActiveCfg = Release|Any CPU
		{77BB2DA0-C9AA-4118-AC7D-7E4770BC0DB7}.Release|ARM.ActiveCfg = Release|ARM
		{77BB2DA0-C9AA-4118-AC7D-7E4770BC0DB7}.Release|ARM.Build.0 = Release|ARM
		{77BB2DA0-C9AA-4118-AC7D-7E4770BC0DB7}.Release|ARM.Deploy.0 = Release|ARM
		{77BB2DA0-C9AA-4118-AC7D-7E4770BC0DB7}.Release|x64.ActiveCfg = Release|x64
		{77BB2DA0-C9AA-4118-AC7D-7E4770BC0DB7}.Release|x64.Build.0 = Release|x64
		{77BB2DA0-C9AA-4118-AC7D-7E4770BC0DB7}.Release|x64.Deploy.0 = Release|x64
		{77BB2DA0-C9AA-4118-AC7D-7E4770BC0DB7}.Release|x86.ActiveCfg = Release|x86
		{77BB2DA0-C9AA-4118-AC7D-7E4770BC0DB7}.Release|x86.Build.0 = Release|x86
		{77BB2DA0-C9AA-4118-AC7D-7E4770BC0DB7}.Release|x86.Deploy.0 = Release|x86
		{E0A7E3AD-68E8-44BD-9B84-F3D47704184A}.Debug|Any CPU.ActiveCfg = Release|Any CPU
		{E0A7E3AD-68E8-44BD-9B84-F3D47704184A}.Debug|Any CPU.Build.0 = Release|Any CPU
		{E0A7E3AD-68E8-44BD-9B84-F3D47704184A}.Debug|ARM.ActiveCfg = Debug|Any CPU
		{E0A7E3AD-68E8-44BD-9B84-F3D47704184A}.Debug|x64.ActiveCfg = Debug|Any CPU
		{E0A7E3AD-68E8-44BD-9B84-F3D47704184A}.Debug|x86.ActiveCfg = Debug|Any CPU
		{E0A7E3AD-68E8-44BD-9B84-F3D47704184A}.Release|Any CPU.ActiveCfg = Release|Any CPU
		{E0A7E3AD-68E8-44BD-9B84-F3D47704184A}.Release|Any CPU.Build.0 = Release|Any CPU
		{E0A7E3AD-68E8-44BD-9B84-F3D47704184A}.Release|ARM.ActiveCfg = Release|Any CPU
		{E0A7E3AD-68E8-44BD-9B84-F3D47704184A}.Release|x64.ActiveCfg = Release|Any CPU
		{E0A7E3AD-68E8-44BD-9B84-F3D47704184A}.Release|x86.ActiveCfg = Release|Any CPU
		{F350A6F5-E09B-4B5F-9F10-45D014F45F63}.Debug|Any CPU.ActiveCfg = Release|Any CPU
		{F350A6F5-E09B-4B5F-9F10-45D014F45F63}.Debug|Any CPU.Build.0 = Release|Any CPU
		{F350A6F5-E09B-4B5F-9F10-45D014F45F63}.Debug|ARM.ActiveCfg = Debug|Any CPU
		{F350A6F5-E09B-4B5F-9F10-45D014F45F63}.Debug|x64.ActiveCfg = Debug|Any CPU
		{F350A6F5-E09B-4B5F-9F10-45D014F45F63}.Debug|x86.ActiveCfg = Debug|Any CPU
		{F350A6F5-E09B-4B5F-9F10-45D014F45F63}.Release|Any CPU.ActiveCfg = Release|Any CPU
		{F350A6F5-E09B-4B5F-9F10-45D014F45F63}.Release|Any CPU.Build.0 = Release|Any CPU
		{F350A6F5-E09B-4B5F-9F10-45D014F45F63}.Release|ARM.ActiveCfg = Release|Any CPU
		{F350A6F5-E09B-4B5F-9F10-45D014F45F63}.Release|x64.ActiveCfg = Release|Any CPU
		{F350A6F5-E09B-4B5F-9F10-45D014F45F63}.Release|x86.ActiveCfg = Release|Any CPU
		{8EBBB78B-AAF9-48F5-9462-9B5BF2B4B877}.Debug|Any CPU.ActiveCfg = Release|Any CPU
		{8EBBB78B-AAF9-48F5-9462-9B5BF2B4B877}.Debug|Any CPU.Build.0 = Release|Any CPU
		{8EBBB78B-AAF9-48F5-9462-9B5BF2B4B877}.Debug|ARM.ActiveCfg = Debug|Any CPU
		{8EBBB78B-AAF9-48F5-9462-9B5BF2B4B877}.Debug|x64.ActiveCfg = Debug|Any CPU
		{8EBBB78B-AAF9-48F5-9462-9B5BF2B4B877}.Debug|x86.ActiveCfg = Debug|Any CPU
		{8EBBB78B-AAF9-48F5-9462-9B5BF2B4B877}.Release|Any CPU.ActiveCfg = Release|Any CPU
		{8EBBB78B-AAF9-48F5-9462-9B5BF2B4B877}.Release|Any CPU.Build.0 = Release|Any CPU
		{8EBBB78B-AAF9-48F5-9462-9B5BF2B4B877}.Release|ARM.ActiveCfg = Release|Any CPU
		{8EBBB78B-AAF9-48F5-9462-9B5BF2B4B877}.Release|x64.ActiveCfg = Release|Any CPU
		{8EBBB78B-AAF9-48F5-9462-9B5BF2B4B877}.Release|x86.ActiveCfg = Release|Any CPU
		{D4EB096C-348F-4E3F-8B60-EC6BE7C22B96}.Debug|Any CPU.ActiveCfg = Release|Any CPU
		{D4EB096C-348F-4E3F-8B60-EC6BE7C22B96}.Debug|Any CPU.Build.0 = Release|Any CPU
		{D4EB096C-348F-4E3F-8B60-EC6BE7C22B96}.Debug|ARM.ActiveCfg = Debug|ARM
		{D4EB096C-348F-4E3F-8B60-EC6BE7C22B96}.Debug|ARM.Build.0 = Debug|ARM
		{D4EB096C-348F-4E3F-8B60-EC6BE7C22B96}.Debug|x64.ActiveCfg = Debug|Any CPU
		{D4EB096C-348F-4E3F-8B60-EC6BE7C22B96}.Debug|x86.ActiveCfg = Debug|x86
		{D4EB096C-348F-4E3F-8B60-EC6BE7C22B96}.Release|Any CPU.ActiveCfg = Release|Any CPU
		{D4EB096C-348F-4E3F-8B60-EC6BE7C22B96}.Release|Any CPU.Build.0 = Release|Any CPU
		{D4EB096C-348F-4E3F-8B60-EC6BE7C22B96}.Release|ARM.ActiveCfg = Release|ARM
		{D4EB096C-348F-4E3F-8B60-EC6BE7C22B96}.Release|ARM.Build.0 = Release|ARM
		{D4EB096C-348F-4E3F-8B60-EC6BE7C22B96}.Release|x64.ActiveCfg = Release|Any CPU
		{D4EB096C-348F-4E3F-8B60-EC6BE7C22B96}.Release|x86.ActiveCfg = Release|x86
		{D4EB096C-348F-4E3F-8B60-EC6BE7C22B96}.Release|x86.Build.0 = Release|x86
		{58A287CD-F5DD-462B-991B-933F4388C15C}.Debug|Any CPU.ActiveCfg = Release|Any CPU
		{58A287CD-F5DD-462B-991B-933F4388C15C}.Debug|Any CPU.Build.0 = Release|Any CPU
		{58A287CD-F5DD-462B-991B-933F4388C15C}.Debug|Any CPU.Deploy.0 = Release|Any CPU
		{58A287CD-F5DD-462B-991B-933F4388C15C}.Debug|ARM.ActiveCfg = Debug|ARM
		{58A287CD-F5DD-462B-991B-933F4388C15C}.Debug|ARM.Build.0 = Debug|ARM
		{58A287CD-F5DD-462B-991B-933F4388C15C}.Debug|ARM.Deploy.0 = Debug|ARM
		{58A287CD-F5DD-462B-991B-933F4388C15C}.Debug|x64.ActiveCfg = Debug|x64
		{58A287CD-F5DD-462B-991B-933F4388C15C}.Debug|x64.Build.0 = Debug|x64
		{58A287CD-F5DD-462B-991B-933F4388C15C}.Debug|x64.Deploy.0 = Debug|x64
		{58A287CD-F5DD-462B-991B-933F4388C15C}.Debug|x86.ActiveCfg = Debug|x86
		{58A287CD-F5DD-462B-991B-933F4388C15C}.Release|Any CPU.ActiveCfg = Release|Any CPU
		{58A287CD-F5DD-462B-991B-933F4388C15C}.Release|ARM.ActiveCfg = Release|ARM
		{58A287CD-F5DD-462B-991B-933F4388C15C}.Release|ARM.Deploy.0 = Release|ARM
		{58A287CD-F5DD-462B-991B-933F4388C15C}.Release|x64.ActiveCfg = Release|x64
		{58A287CD-F5DD-462B-991B-933F4388C15C}.Release|x64.Build.0 = Release|x64
		{58A287CD-F5DD-462B-991B-933F4388C15C}.Release|x64.Deploy.0 = Release|x64
		{58A287CD-F5DD-462B-991B-933F4388C15C}.Release|x86.ActiveCfg = Release|x86
		{58A287CD-F5DD-462B-991B-933F4388C15C}.Release|x86.Build.0 = Release|x86
		{58A287CD-F5DD-462B-991B-933F4388C15C}.Release|x86.Deploy.0 = Release|x86
		{3A719EDB-F4C0-4AAD-97A8-4D52D0DE7DE1}.Debug|Any CPU.ActiveCfg = Release|Any CPU
		{3A719EDB-F4C0-4AAD-97A8-4D52D0DE7DE1}.Debug|ARM.ActiveCfg = Debug|ARM
		{3A719EDB-F4C0-4AAD-97A8-4D52D0DE7DE1}.Debug|ARM.Build.0 = Debug|ARM
		{3A719EDB-F4C0-4AAD-97A8-4D52D0DE7DE1}.Debug|ARM.Deploy.0 = Debug|ARM
		{3A719EDB-F4C0-4AAD-97A8-4D52D0DE7DE1}.Debug|x64.ActiveCfg = Debug|Any CPU
		{3A719EDB-F4C0-4AAD-97A8-4D52D0DE7DE1}.Debug|x86.ActiveCfg = Debug|x86
		{3A719EDB-F4C0-4AAD-97A8-4D52D0DE7DE1}.Release|Any CPU.ActiveCfg = Release|Any CPU
		{3A719EDB-F4C0-4AAD-97A8-4D52D0DE7DE1}.Release|ARM.ActiveCfg = Release|ARM
		{3A719EDB-F4C0-4AAD-97A8-4D52D0DE7DE1}.Release|ARM.Deploy.0 = Release|ARM
		{3A719EDB-F4C0-4AAD-97A8-4D52D0DE7DE1}.Release|x64.ActiveCfg = Release|Any CPU
		{3A719EDB-F4C0-4AAD-97A8-4D52D0DE7DE1}.Release|x86.ActiveCfg = Release|x86
		{3A719EDB-F4C0-4AAD-97A8-4D52D0DE7DE1}.Release|x86.Build.0 = Release|x86
		{3A719EDB-F4C0-4AAD-97A8-4D52D0DE7DE1}.Release|x86.Deploy.0 = Release|x86
		{A51374BB-F4E1-4CE4-8489-1E9661C4532A}.Debug|Any CPU.ActiveCfg = Release|Any CPU
		{A51374BB-F4E1-4CE4-8489-1E9661C4532A}.Debug|Any CPU.Build.0 = Release|Any CPU
		{A51374BB-F4E1-4CE4-8489-1E9661C4532A}.Debug|ARM.ActiveCfg = Debug|ARM
		{A51374BB-F4E1-4CE4-8489-1E9661C4532A}.Debug|ARM.Build.0 = Debug|ARM
		{A51374BB-F4E1-4CE4-8489-1E9661C4532A}.Debug|x64.ActiveCfg = Debug|Any CPU
		{A51374BB-F4E1-4CE4-8489-1E9661C4532A}.Debug|x86.ActiveCfg = Debug|x86
		{A51374BB-F4E1-4CE4-8489-1E9661C4532A}.Release|Any CPU.ActiveCfg = Release|Any CPU
		{A51374BB-F4E1-4CE4-8489-1E9661C4532A}.Release|Any CPU.Build.0 = Release|Any CPU
		{A51374BB-F4E1-4CE4-8489-1E9661C4532A}.Release|ARM.ActiveCfg = Release|ARM
		{A51374BB-F4E1-4CE4-8489-1E9661C4532A}.Release|ARM.Build.0 = Release|ARM
		{A51374BB-F4E1-4CE4-8489-1E9661C4532A}.Release|x64.ActiveCfg = Release|Any CPU
		{A51374BB-F4E1-4CE4-8489-1E9661C4532A}.Release|x86.ActiveCfg = Release|x86
		{A51374BB-F4E1-4CE4-8489-1E9661C4532A}.Release|x86.Build.0 = Release|x86
		{D3BC1DC6-76E1-485B-A2EE-1BF1E30E1BE6}.Debug|Any CPU.ActiveCfg = Release|x64
		{D3BC1DC6-76E1-485B-A2EE-1BF1E30E1BE6}.Debug|ARM.ActiveCfg = Debug|ARM
		{D3BC1DC6-76E1-485B-A2EE-1BF1E30E1BE6}.Debug|ARM.Build.0 = Debug|ARM
		{D3BC1DC6-76E1-485B-A2EE-1BF1E30E1BE6}.Debug|x64.ActiveCfg = Debug|x64
		{D3BC1DC6-76E1-485B-A2EE-1BF1E30E1BE6}.Debug|x64.Build.0 = Debug|x64
		{D3BC1DC6-76E1-485B-A2EE-1BF1E30E1BE6}.Debug|x86.ActiveCfg = Debug|x86
		{D3BC1DC6-76E1-485B-A2EE-1BF1E30E1BE6}.Release|Any CPU.ActiveCfg = Release|x64
		{D3BC1DC6-76E1-485B-A2EE-1BF1E30E1BE6}.Release|ARM.ActiveCfg = Release|ARM
		{D3BC1DC6-76E1-485B-A2EE-1BF1E30E1BE6}.Release|ARM.Build.0 = Release|ARM
		{D3BC1DC6-76E1-485B-A2EE-1BF1E30E1BE6}.Release|x64.ActiveCfg = Release|x64
		{D3BC1DC6-76E1-485B-A2EE-1BF1E30E1BE6}.Release|x64.Build.0 = Release|x64
		{D3BC1DC6-76E1-485B-A2EE-1BF1E30E1BE6}.Release|x86.ActiveCfg = Release|x86
		{D3BC1DC6-76E1-485B-A2EE-1BF1E30E1BE6}.Release|x86.Build.0 = Release|x86
		{80793046-A02A-4016-A923-524563AAD39D}.Debug|Any CPU.ActiveCfg = Release|Any CPU
		{80793046-A02A-4016-A923-524563AAD39D}.Debug|ARM.ActiveCfg = Debug|ARM
		{80793046-A02A-4016-A923-524563AAD39D}.Debug|ARM.Build.0 = Debug|ARM
		{80793046-A02A-4016-A923-524563AAD39D}.Debug|ARM.Deploy.0 = Debug|ARM
		{80793046-A02A-4016-A923-524563AAD39D}.Debug|x64.ActiveCfg = Debug|Any CPU
		{80793046-A02A-4016-A923-524563AAD39D}.Debug|x86.ActiveCfg = Debug|x86
		{80793046-A02A-4016-A923-524563AAD39D}.Release|Any CPU.ActiveCfg = Release|Any CPU
		{80793046-A02A-4016-A923-524563AAD39D}.Release|ARM.ActiveCfg = Release|ARM
		{80793046-A02A-4016-A923-524563AAD39D}.Release|ARM.Build.0 = Release|ARM
		{80793046-A02A-4016-A923-524563AAD39D}.Release|ARM.Deploy.0 = Release|ARM
		{80793046-A02A-4016-A923-524563AAD39D}.Release|x64.ActiveCfg = Release|Any CPU
		{80793046-A02A-4016-A923-524563AAD39D}.Release|x86.ActiveCfg = Release|x86
		{80793046-A02A-4016-A923-524563AAD39D}.Release|x86.Build.0 = Release|x86
		{80793046-A02A-4016-A923-524563AAD39D}.Release|x86.Deploy.0 = Release|x86
		{43F2875D-5B09-4590-8339-312FC4099217}.Debug|Any CPU.ActiveCfg = Debug|Any CPU
		{43F2875D-5B09-4590-8339-312FC4099217}.Debug|Any CPU.Build.0 = Debug|Any CPU
		{43F2875D-5B09-4590-8339-312FC4099217}.Debug|ARM.ActiveCfg = Debug|ARM
		{43F2875D-5B09-4590-8339-312FC4099217}.Debug|ARM.Build.0 = Debug|ARM
		{43F2875D-5B09-4590-8339-312FC4099217}.Debug|x64.ActiveCfg = Debug|x64
		{43F2875D-5B09-4590-8339-312FC4099217}.Debug|x64.Build.0 = Debug|x64
		{43F2875D-5B09-4590-8339-312FC4099217}.Debug|x86.ActiveCfg = Debug|x86
		{43F2875D-5B09-4590-8339-312FC4099217}.Debug|x86.Build.0 = Debug|x86
		{43F2875D-5B09-4590-8339-312FC4099217}.Release|Any CPU.ActiveCfg = Release|Any CPU
		{43F2875D-5B09-4590-8339-312FC4099217}.Release|Any CPU.Build.0 = Release|Any CPU
		{43F2875D-5B09-4590-8339-312FC4099217}.Release|ARM.ActiveCfg = Release|ARM
		{43F2875D-5B09-4590-8339-312FC4099217}.Release|ARM.Build.0 = Release|ARM
		{43F2875D-5B09-4590-8339-312FC4099217}.Release|x64.ActiveCfg = Release|x64
		{43F2875D-5B09-4590-8339-312FC4099217}.Release|x64.Build.0 = Release|x64
		{43F2875D-5B09-4590-8339-312FC4099217}.Release|x86.ActiveCfg = Release|x86
		{43F2875D-5B09-4590-8339-312FC4099217}.Release|x86.Build.0 = Release|x86
		{F6C14AD8-0B71-4728-B7C8-EEF11874D5DC}.Debug|Any CPU.ActiveCfg = Debug|Any CPU
		{F6C14AD8-0B71-4728-B7C8-EEF11874D5DC}.Debug|Any CPU.Build.0 = Debug|Any CPU
		{F6C14AD8-0B71-4728-B7C8-EEF11874D5DC}.Debug|ARM.ActiveCfg = Debug|ARM
		{F6C14AD8-0B71-4728-B7C8-EEF11874D5DC}.Debug|ARM.Build.0 = Debug|ARM
		{F6C14AD8-0B71-4728-B7C8-EEF11874D5DC}.Debug|x64.ActiveCfg = Debug|x64
		{F6C14AD8-0B71-4728-B7C8-EEF11874D5DC}.Debug|x64.Build.0 = Debug|x64
		{F6C14AD8-0B71-4728-B7C8-EEF11874D5DC}.Debug|x86.ActiveCfg = Debug|x86
		{F6C14AD8-0B71-4728-B7C8-EEF11874D5DC}.Debug|x86.Build.0 = Debug|x86
		{F6C14AD8-0B71-4728-B7C8-EEF11874D5DC}.Release|Any CPU.ActiveCfg = Release|Any CPU
		{F6C14AD8-0B71-4728-B7C8-EEF11874D5DC}.Release|Any CPU.Build.0 = Release|Any CPU
		{F6C14AD8-0B71-4728-B7C8-EEF11874D5DC}.Release|ARM.ActiveCfg = Release|ARM
		{F6C14AD8-0B71-4728-B7C8-EEF11874D5DC}.Release|ARM.Build.0 = Release|ARM
		{F6C14AD8-0B71-4728-B7C8-EEF11874D5DC}.Release|x64.ActiveCfg = Release|x64
		{F6C14AD8-0B71-4728-B7C8-EEF11874D5DC}.Release|x64.Build.0 = Release|x64
		{F6C14AD8-0B71-4728-B7C8-EEF11874D5DC}.Release|x86.ActiveCfg = Release|x86
		{F6C14AD8-0B71-4728-B7C8-EEF11874D5DC}.Release|x86.Build.0 = Release|x86
		{55735AAE-9CF6-41BB-9DC5-677B49FDC54D}.Debug|Any CPU.ActiveCfg = Debug|Any CPU
		{55735AAE-9CF6-41BB-9DC5-677B49FDC54D}.Debug|Any CPU.Build.0 = Debug|Any CPU
		{55735AAE-9CF6-41BB-9DC5-677B49FDC54D}.Debug|ARM.ActiveCfg = Debug|ARM
		{55735AAE-9CF6-41BB-9DC5-677B49FDC54D}.Debug|ARM.Build.0 = Debug|ARM
		{55735AAE-9CF6-41BB-9DC5-677B49FDC54D}.Debug|x64.ActiveCfg = Debug|x64
		{55735AAE-9CF6-41BB-9DC5-677B49FDC54D}.Debug|x64.Build.0 = Debug|x64
		{55735AAE-9CF6-41BB-9DC5-677B49FDC54D}.Debug|x86.ActiveCfg = Debug|x86
		{55735AAE-9CF6-41BB-9DC5-677B49FDC54D}.Debug|x86.Build.0 = Debug|x86
		{55735AAE-9CF6-41BB-9DC5-677B49FDC54D}.Release|Any CPU.ActiveCfg = Release|Any CPU
		{55735AAE-9CF6-41BB-9DC5-677B49FDC54D}.Release|Any CPU.Build.0 = Release|Any CPU
		{55735AAE-9CF6-41BB-9DC5-677B49FDC54D}.Release|ARM.ActiveCfg = Release|ARM
		{55735AAE-9CF6-41BB-9DC5-677B49FDC54D}.Release|ARM.Build.0 = Release|ARM
		{55735AAE-9CF6-41BB-9DC5-677B49FDC54D}.Release|x64.ActiveCfg = Release|x64
		{55735AAE-9CF6-41BB-9DC5-677B49FDC54D}.Release|x64.Build.0 = Release|x64
		{55735AAE-9CF6-41BB-9DC5-677B49FDC54D}.Release|x86.ActiveCfg = Release|x86
		{55735AAE-9CF6-41BB-9DC5-677B49FDC54D}.Release|x86.Build.0 = Release|x86
		{5633AC1E-6F3E-45D2-936B-F2FFE33E792C}.Debug|Any CPU.ActiveCfg = Debug|Any CPU
		{5633AC1E-6F3E-45D2-936B-F2FFE33E792C}.Debug|Any CPU.Build.0 = Debug|Any CPU
		{5633AC1E-6F3E-45D2-936B-F2FFE33E792C}.Debug|ARM.ActiveCfg = Debug|ARM
		{5633AC1E-6F3E-45D2-936B-F2FFE33E792C}.Debug|ARM.Build.0 = Debug|ARM
		{5633AC1E-6F3E-45D2-936B-F2FFE33E792C}.Debug|x64.ActiveCfg = Debug|x64
		{5633AC1E-6F3E-45D2-936B-F2FFE33E792C}.Debug|x64.Build.0 = Debug|x64
		{5633AC1E-6F3E-45D2-936B-F2FFE33E792C}.Debug|x86.ActiveCfg = Debug|x86
		{5633AC1E-6F3E-45D2-936B-F2FFE33E792C}.Debug|x86.Build.0 = Debug|x86
		{5633AC1E-6F3E-45D2-936B-F2FFE33E792C}.Release|Any CPU.ActiveCfg = Release|Any CPU
		{5633AC1E-6F3E-45D2-936B-F2FFE33E792C}.Release|Any CPU.Build.0 = Release|Any CPU
		{5633AC1E-6F3E-45D2-936B-F2FFE33E792C}.Release|ARM.ActiveCfg = Release|ARM
		{5633AC1E-6F3E-45D2-936B-F2FFE33E792C}.Release|ARM.Build.0 = Release|ARM
		{5633AC1E-6F3E-45D2-936B-F2FFE33E792C}.Release|x64.ActiveCfg = Release|x64
		{5633AC1E-6F3E-45D2-936B-F2FFE33E792C}.Release|x64.Build.0 = Release|x64
		{5633AC1E-6F3E-45D2-936B-F2FFE33E792C}.Release|x86.ActiveCfg = Release|x86
		{5633AC1E-6F3E-45D2-936B-F2FFE33E792C}.Release|x86.Build.0 = Release|x86
		{ADB894A1-B74C-48A3-8F3A-859B0980ED22}.Debug|Any CPU.ActiveCfg = Debug|x86
		{ADB894A1-B74C-48A3-8F3A-859B0980ED22}.Debug|ARM.ActiveCfg = Debug|ARM
		{ADB894A1-B74C-48A3-8F3A-859B0980ED22}.Debug|ARM.Build.0 = Debug|ARM
		{ADB894A1-B74C-48A3-8F3A-859B0980ED22}.Debug|ARM.Deploy.0 = Debug|ARM
		{ADB894A1-B74C-48A3-8F3A-859B0980ED22}.Debug|x64.ActiveCfg = Debug|x64
		{ADB894A1-B74C-48A3-8F3A-859B0980ED22}.Debug|x64.Build.0 = Debug|x64
		{ADB894A1-B74C-48A3-8F3A-859B0980ED22}.Debug|x64.Deploy.0 = Debug|x64
		{ADB894A1-B74C-48A3-8F3A-859B0980ED22}.Debug|x86.ActiveCfg = Debug|x86
		{ADB894A1-B74C-48A3-8F3A-859B0980ED22}.Debug|x86.Build.0 = Debug|x86
		{ADB894A1-B74C-48A3-8F3A-859B0980ED22}.Debug|x86.Deploy.0 = Debug|x86
		{ADB894A1-B74C-48A3-8F3A-859B0980ED22}.Release|Any CPU.ActiveCfg = Release|x86
		{ADB894A1-B74C-48A3-8F3A-859B0980ED22}.Release|ARM.ActiveCfg = Release|ARM
		{ADB894A1-B74C-48A3-8F3A-859B0980ED22}.Release|ARM.Build.0 = Release|ARM
		{ADB894A1-B74C-48A3-8F3A-859B0980ED22}.Release|ARM.Deploy.0 = Release|ARM
		{ADB894A1-B74C-48A3-8F3A-859B0980ED22}.Release|x64.ActiveCfg = Release|x64
		{ADB894A1-B74C-48A3-8F3A-859B0980ED22}.Release|x64.Build.0 = Release|x64
		{ADB894A1-B74C-48A3-8F3A-859B0980ED22}.Release|x64.Deploy.0 = Release|x64
		{ADB894A1-B74C-48A3-8F3A-859B0980ED22}.Release|x86.ActiveCfg = Release|x86
		{ADB894A1-B74C-48A3-8F3A-859B0980ED22}.Release|x86.Build.0 = Release|x86
		{ADB894A1-B74C-48A3-8F3A-859B0980ED22}.Release|x86.Deploy.0 = Release|x86
	EndGlobalSection
	GlobalSection(SolutionProperties) = preSolution
		HideSolutionNode = FALSE
	EndGlobalSection
	GlobalSection(NestedProjects) = preSolution
		{F692CCDB-8A51-4A29-A4F6-DB87E426C70D} = {BC78988E-5DFD-47D2-AF99-E732C557E11E}
		{0408668E-D49D-4F81-8615-AECF8567F127} = {318DC063-BBE8-40A2-9DCA-F8F4A18C38E8}
		{69C5F17E-99EF-421D-870F-1B7146F6894E} = {318DC063-BBE8-40A2-9DCA-F8F4A18C38E8}
		{D7E80B6C-88DA-4683-A5AA-730E4366E7B3} = {318DC063-BBE8-40A2-9DCA-F8F4A18C38E8}
		{777F7C74-C57C-41D2-85F3-7375732CA80E} = {318DC063-BBE8-40A2-9DCA-F8F4A18C38E8}
		{77BB2DA0-C9AA-4118-AC7D-7E4770BC0DB7} = {BC78988E-5DFD-47D2-AF99-E732C557E11E}
		{E0A7E3AD-68E8-44BD-9B84-F3D47704184A} = {9FB13E5C-16FD-45A8-A81C-48769802A11D}
		{F350A6F5-E09B-4B5F-9F10-45D014F45F63} = {9FB13E5C-16FD-45A8-A81C-48769802A11D}
		{8EBBB78B-AAF9-48F5-9462-9B5BF2B4B877} = {9FB13E5C-16FD-45A8-A81C-48769802A11D}
		{D4EB096C-348F-4E3F-8B60-EC6BE7C22B96} = {1F862409-01A9-4DF1-AB3E-FD10737C9561}
		{946A1987-E443-47F0-8721-770BD808351B} = {1906753E-BF5C-4B9F-91F1-050E93726699}
		{58A287CD-F5DD-462B-991B-933F4388C15C} = {1906753E-BF5C-4B9F-91F1-050E93726699}
		{3A719EDB-F4C0-4AAD-97A8-4D52D0DE7DE1} = {1906753E-BF5C-4B9F-91F1-050E93726699}
		{A51374BB-F4E1-4CE4-8489-1E9661C4532A} = {1F862409-01A9-4DF1-AB3E-FD10737C9561}
		{D3BC1DC6-76E1-485B-A2EE-1BF1E30E1BE6} = {BC78988E-5DFD-47D2-AF99-E732C557E11E}
		{80793046-A02A-4016-A923-524563AAD39D} = {1F862409-01A9-4DF1-AB3E-FD10737C9561}
		{43F2875D-5B09-4590-8339-312FC4099217} = {140CAE7B-A08E-4809-A9D8-A2F63721E6D8}
		{F6C14AD8-0B71-4728-B7C8-EEF11874D5DC} = {140CAE7B-A08E-4809-A9D8-A2F63721E6D8}
		{55735AAE-9CF6-41BB-9DC5-677B49FDC54D} = {140CAE7B-A08E-4809-A9D8-A2F63721E6D8}
		{5633AC1E-6F3E-45D2-936B-F2FFE33E792C} = {140CAE7B-A08E-4809-A9D8-A2F63721E6D8}
		{ADB894A1-B74C-48A3-8F3A-859B0980ED22} = {140CAE7B-A08E-4809-A9D8-A2F63721E6D8}
	EndGlobalSection
EndGlobal
